{"name": "frontend","version": "1.0.0","lockfileVersion": 2,"requires": true,"dependencies": {"@react-three/drei": {"version": "9.0.0","resolved": "https://registry.npmjs.org/@react-three/drei/-/drei-9.0.0.tgz","integrity": "sha512-J3kIUtFMnzsAHCNR6KR5qZVNSJCiD3cZ42ErFb5eD9w+JpSkyUg4lVBEUamiCVC+yO9xWwU3r6J5crIoYwFKZg==","engines": {"node": ">=12.0.0"}},"@react-three/fiber": {"version": "8.0.0","resolved": "https://registry.npmjs.org/@react-three/fiber/-/fiber-8.0.0.tgz","integrity": "sha512-8v6SOFgmETyn/alnAQHSuBeY63Zt1qauF0U6qyWuIJgkVCmXGu1cYtQ8kHpZyEcMOZK39DXNhrvD8BQucguhbA==","engines": {"node": ">=12.0.0"}},"axios": {"version": "1.6.0","resolved": "https://registry.npmjs.org/axios/-/axios-1.6.0.tgz","integrity": "sha512-Ws1L2y2MblXsBiPI3g+dW65m0J8//vX5QU3KI1+ppRBxyheF6rHuf9Zc5O+5vMsD28VcSL6XVRTlo2DqK3KDQA==","engines": {"node": ">=12.0.0"}},"react": {"version": "18.0.0","resolved": "https://registry.npmjs.org/react/-/react-18.0.0.tgz","integrity": "sha512-YB5O609DMEaAYOCJt4gBmc8nL4AggtGpF4Ql9IN99sMQguVGo1R8z2Nyn6M3fkUWr5sVW1DCzSoN8Fi1slp+Qg==","engines": {"node": ">=12.0.0"}},"react-dom": {"version": "18.0.0","resolved": "https://registry.npmjs.org/react-dom/-/react-dom-18.0.0.tgz","integrity": "sha512-Xf8JxjYk21SXCpYYwK7ZyM9HXLhCVwattTCcwkbUEQR7zDHW9TAE6xHzo1A1H9KCO0PahX6hlGE6D2mrp8CwVWg==","engines": {"node": ">=12.0.0"}},"socket.io-client": {"version": "4.0.0","resolved": "https://registry.npmjs.org/socket.io-client/-/socket.io-client-4.0.0.tgz","integrity": "sha512-qgKpgxU6nZpR084mMw4EsHgiacz3hKMTK3g4elNZ3U9D0CtpgTGoZQUBtuA9wzYEL+3S7I75Dso5WpK3QEjYjw==","engines": {"node": ">=12.0.0"}}},"devDependencies": {"@vitejs/plugin-react": {"version": "4.0.0","resolved": "https://registry.npmjs.org/@vitejs/plugin-react/-/plugin-react-4.0.0.tgz","integrity": "sha512-OwdWbeClUVDkrVubaaZ9e4Q2CzRloQXX5diXh66PJ1Rj1C4KH8dcArNL3vPcfNH0+0N5Vq+8OYe6D957vXNj3w==","engines": {"node": ">=12.0.0"}},"vite": {"version": "5.0.0","resolved": "https://registry.npmjs.org/vite/-/vite-5.0.0.tgz","integrity": "sha512-SWnTYGQ6.XFZcpPDPywbIq9gAg6tzy1NumF+/yyItGSKORz5UevTLW5xjdKyy6BuW3X0UzXJzBB8SVZS4ih8Mg==","engines": {"node": ">=12.0.0"}}}}